// !$*UTF8*$!
{
	archiveVersion = 1;
	classes = {
	};
	objectVersion = 50;
	objects = {

/* Begin PBXBuildFile section */
		1DEDCA61264E7D3300E0B802 /* AppDelegate.swift in Sources */ = {isa = PBXBuildFile; fileRef = 1DEDCA60264E7D3300E0B802 /* AppDelegate.swift */; };
		1DEDCA63264E7D3300E0B802 /* SceneDelegate.swift in Sources */ = {isa = PBXBuildFile; fileRef = 1DEDCA62264E7D3300E0B802 /* SceneDelegate.swift */; };
		1DEDCA65264E7D3300E0B802 /* ViewController.swift in Sources */ = {isa = PBXBuildFile; fileRef = 1DEDCA64264E7D3300E0B802 /* ViewController.swift */; };
		1DEDCA68264E7D3300E0B802 /* Main.storyboard in Resources */ = {isa = PBXBuildFile; fileRef = 1DEDCA66264E7D3300E0B802 /* Main.storyboard */; };
		1DEDCA6A264E7D3700E0B802 /* Assets.xcassets in Resources */ = {isa = PBXBuildFile; fileRef = 1DEDCA69264E7D3700E0B802 /* Assets.xcassets */; };
		1DEDCA6D264E7D3700E0B802 /* LaunchScreen.storyboard in Resources */ = {isa = PBXBuildFile; fileRef = 1DEDCA6B264E7D3700E0B802 /* LaunchScreen.storyboard */; };
		1DEDCA76264E7E2D00E0B802 /* MainInteractor.swift in Sources */ = {isa = PBXBuildFile; fileRef = 1DEDCA75264E7E2D00E0B802 /* MainInteractor.swift */; };
		1DEDCA79264E7E3600E0B802 /* MainPresenter.swift in Sources */ = {isa = PBXBuildFile; fileRef = 1DEDCA78264E7E3600E0B802 /* MainPresenter.swift */; };
		1DEDCA7C264E7E4500E0B802 /* MainView.swift in Sources */ = {isa = PBXBuildFile; fileRef = 1DEDCA7B264E7E4500E0B802 /* MainView.swift */; };
		1DEDCA7F264E7E5F00E0B802 /* MainEntity.swift in Sources */ = {isa = PBXBuildFile; fileRef = 1DEDCA7E264E7E5F00E0B802 /* MainEntity.swift */; };
		1DEDCA82264E7E6600E0B802 /* MainRouter.swift in Sources */ = {isa = PBXBuildFile; fileRef = 1DEDCA81264E7E6600E0B802 /* MainRouter.swift */; };
		1DEDCA96264E802300E0B802 /* CountriesProtocols.swift in Sources */ = {isa = PBXBuildFile; fileRef = 1DEDCA95264E802300E0B802 /* CountriesProtocols.swift */; };
		1DEDCA99264E802C00E0B802 /* CountriesInteractor.swift in Sources */ = {isa = PBXBuildFile; fileRef = 1DEDCA98264E802C00E0B802 /* CountriesInteractor.swift */; };
		1DEDCA9C264E803300E0B802 /* CountriesRouter.swift in Sources */ = {isa = PBXBuildFile; fileRef = 1DEDCA9B264E803300E0B802 /* CountriesRouter.swift */; };
		1DEDCA9F264E804400E0B802 /* CountriesEntity.swift in Sources */ = {isa = PBXBuildFile; fileRef = 1DEDCA9E264E804400E0B802 /* CountriesEntity.swift */; };
		1DEDCAA2264E804C00E0B802 /* CountriesPresenter.swift in Sources */ = {isa = PBXBuildFile; fileRef = 1DEDCAA1264E804C00E0B802 /* CountriesPresenter.swift */; };
		1DEDCAA5264E805B00E0B802 /* CountriesView.swift in Sources */ = {isa = PBXBuildFile; fileRef = 1DEDCAA4264E805B00E0B802 /* CountriesView.swift */; };
		1DEDCAB4264E808900E0B802 /* Protocols.swift in Sources */ = {isa = PBXBuildFile; fileRef = 1DEDCAB3264E808900E0B802 /* Protocols.swift */; };
		1DEDCAB8264E808F00E0B802 /* Entity.swift in Sources */ = {isa = PBXBuildFile; fileRef = 1DEDCAB7264E808F00E0B802 /* Entity.swift */; };
		1DEDCABB264E809500E0B802 /* Interactor.swift in Sources */ = {isa = PBXBuildFile; fileRef = 1DEDCABA264E809500E0B802 /* Interactor.swift */; };
		1DEDCABE264E809D00E0B802 /* Presenter.swift in Sources */ = {isa = PBXBuildFile; fileRef = 1DEDCABD264E809D00E0B802 /* Presenter.swift */; };
		1DEDCAC1264E80A300E0B802 /* View.swift in Sources */ = {isa = PBXBuildFile; fileRef = 1DEDCAC0264E80A300E0B802 /* View.swift */; };
		1DEDCAC4264E80BB00E0B802 /* Router.swift in Sources */ = {isa = PBXBuildFile; fileRef = 1DEDCAC3264E80BB00E0B802 /* Router.swift */; };
/* End PBXBuildFile section */

/* Begin PBXFileReference section */
		1DEDCA5D264E7D3300E0B802 /* WonderlandVpn.app */ = {isa = PBXFileReference; explicitFileType = wrapper.application; includeInIndex = 0; path = WonderlandVpn.app; sourceTree = BUILT_PRODUCTS_DIR; };
		1DEDCA60264E7D3300E0B802 /* AppDelegate.swift */ = {isa = PBXFileReference; lastKnownFileType = sourcecode.swift; path = AppDelegate.swift; sourceTree = "<group>"; };
		1DEDCA62264E7D3300E0B802 /* SceneDelegate.swift */ = {isa = PBXFileReference; lastKnownFileType = sourcecode.swift; path = SceneDelegate.swift; sourceTree = "<group>"; };
		1DEDCA64264E7D3300E0B802 /* ViewController.swift */ = {isa = PBXFileReference; lastKnownFileType = sourcecode.swift; path = ViewController.swift; sourceTree = "<group>"; };
		1DEDCA67264E7D3300E0B802 /* Base */ = {isa = PBXFileReference; lastKnownFileType = file.storyboard; name = Base; path = Base.lproj/Main.storyboard; sourceTree = "<group>"; };
		1DEDCA69264E7D3700E0B802 /* Assets.xcassets */ = {isa = PBXFileReference; lastKnownFileType = folder.assetcatalog; path = Assets.xcassets; sourceTree = "<group>"; };
		1DEDCA6C264E7D3700E0B802 /* Base */ = {isa = PBXFileReference; lastKnownFileType = file.storyboard; name = Base; path = Base.lproj/LaunchScreen.storyboard; sourceTree = "<group>"; };
		1DEDCA6E264E7D3700E0B802 /* Info.plist */ = {isa = PBXFileReference; lastKnownFileType = text.plist.xml; path = Info.plist; sourceTree = "<group>"; };
		1DEDCA75264E7E2D00E0B802 /* MainInteractor.swift */ = {isa = PBXFileReference; lastKnownFileType = sourcecode.swift; path = MainInteractor.swift; sourceTree = "<group>"; };
		1DEDCA78264E7E3600E0B802 /* MainPresenter.swift */ = {isa = PBXFileReference; lastKnownFileType = sourcecode.swift; path = MainPresenter.swift; sourceTree = "<group>"; };
		1DEDCA7B264E7E4500E0B802 /* MainView.swift */ = {isa = PBXFileReference; lastKnownFileType = sourcecode.swift; path = MainView.swift; sourceTree = "<group>"; };
		1DEDCA7E264E7E5F00E0B802 /* MainEntity.swift */ = {isa = PBXFileReference; lastKnownFileType = sourcecode.swift; path = MainEntity.swift; sourceTree = "<group>"; };
		1DEDCA81264E7E6600E0B802 /* MainRouter.swift */ = {isa = PBXFileReference; lastKnownFileType = sourcecode.swift; path = MainRouter.swift; sourceTree = "<group>"; };
		1DEDCA95264E802300E0B802 /* CountriesProtocols.swift */ = {isa = PBXFileReference; lastKnownFileType = sourcecode.swift; path = CountriesProtocols.swift; sourceTree = "<group>"; };
		1DEDCA98264E802C00E0B802 /* CountriesInteractor.swift */ = {isa = PBXFileReference; lastKnownFileType = sourcecode.swift; path = CountriesInteractor.swift; sourceTree = "<group>"; };
		1DEDCA9B264E803300E0B802 /* CountriesRouter.swift */ = {isa = PBXFileReference; lastKnownFileType = sourcecode.swift; path = CountriesRouter.swift; sourceTree = "<group>"; };
		1DEDCA9E264E804400E0B802 /* CountriesEntity.swift */ = {isa = PBXFileReference; lastKnownFileType = sourcecode.swift; path = CountriesEntity.swift; sourceTree = "<group>"; };
		1DEDCAA1264E804C00E0B802 /* CountriesPresenter.swift */ = {isa = PBXFileReference; lastKnownFileType = sourcecode.swift; path = CountriesPresenter.swift; sourceTree = "<group>"; };
		1DEDCAA4264E805B00E0B802 /* CountriesView.swift */ = {isa = PBXFileReference; lastKnownFileType = sourcecode.swift; path = CountriesView.swift; sourceTree = "<group>"; };
		1DEDCAB3264E808900E0B802 /* Protocols.swift */ = {isa = PBXFileReference; lastKnownFileType = sourcecode.swift; path = Protocols.swift; sourceTree = "<group>"; };
		1DEDCAB7264E808F00E0B802 /* Entity.swift */ = {isa = PBXFileReference; lastKnownFileType = sourcecode.swift; path = Entity.swift; sourceTree = "<group>"; };
		1DEDCABA264E809500E0B802 /* Interactor.swift */ = {isa = PBXFileReference; lastKnownFileType = sourcecode.swift; path = Interactor.swift; sourceTree = "<group>"; };
		1DEDCABD264E809D00E0B802 /* Presenter.swift */ = {isa = PBXFileReference; lastKnownFileType = sourcecode.swift; path = Presenter.swift; sourceTree = "<group>"; };
		1DEDCAC0264E80A300E0B802 /* View.swift */ = {isa = PBXFileReference; lastKnownFileType = sourcecode.swift; path = View.swift; sourceTree = "<group>"; };
		1DEDCAC3264E80BB00E0B802 /* Router.swift */ = {isa = PBXFileReference; lastKnownFileType = sourcecode.swift; path = Router.swift; sourceTree = "<group>"; };
/* End PBXFileReference section */

/* Begin PBXFrameworksBuildPhase section */
		1DEDCA5A264E7D3300E0B802 /* Frameworks */ = {
			isa = PBXFrameworksBuildPhase;
			buildActionMask = 2147483647;
			files = (
			);
			runOnlyForDeploymentPostprocessing = 0;
		};
/* End PBXFrameworksBuildPhase section */

/* Begin PBXGroup section */
		1DEDCA54264E7D3300E0B802 = {
			isa = PBXGroup;
			children = (
				1DEDCA5F264E7D3300E0B802 /* WonderlandVpn */,
				1DEDCA5E264E7D3300E0B802 /* Products */,
			);
			sourceTree = "<group>";
		};
		1DEDCA5E264E7D3300E0B802 /* Products */ = {
			isa = PBXGroup;
			children = (
				1DEDCA5D264E7D3300E0B802 /* WonderlandVpn.app */,
			);
			name = Products;
			sourceTree = "<group>";
		};
		1DEDCA5F264E7D3300E0B802 /* WonderlandVpn */ = {
			isa = PBXGroup;
			children = (
				1DEDCA84264E7E7100E0B802 /* app-modules */,
				1DEDCAD6264E81B300E0B802 /* app-settings */,
				1DEDCADA264E81E000E0B802 /* app-ui */,
				1DEDCADB264E820A00E0B802 /* app-icons */,
				1DEDCA6E264E7D3700E0B802 /* Info.plist */,
			);
			path = WonderlandVpn;
			sourceTree = "<group>";
		};
		1DEDCA84264E7E7100E0B802 /* app-modules */ = {
			isa = PBXGroup;
			children = (
				1DEDCA86264E7E8E00E0B802 /* main */,
				1DEDCA8B264E7ED200E0B802 /* carousel */,
				1DEDCA8A264E7EAF00E0B802 /* countries */,
			);
			path = "app-modules";
			sourceTree = "<group>";
		};
		1DEDCA86264E7E8E00E0B802 /* main */ = {
			isa = PBXGroup;
			children = (
				1DEDCA93264E7F5E00E0B802 /* Protocols */,
				1DEDCA92264E7F5700E0B802 /* Interacor */,
				1DEDCA8F264E7F0200E0B802 /* Router */,
				1DEDCA8E264E7EF400E0B802 /* Entity */,
				1DEDCA8D264E7EEB00E0B802 /* View */,
				1DEDCA8C264E7EE300E0B802 /* Presenter */,
			);
			path = main;
			sourceTree = "<group>";
		};
		1DEDCA8A264E7EAF00E0B802 /* countries */ = {
			isa = PBXGroup;
			children = (
				1DEDCAA7264E806000E0B802 /* Protocols */,
				1DEDCAA9264E806500E0B802 /* Interactor */,
				1DEDCAAB264E806B00E0B802 /* Router */,
				1DEDCAAC264E807100E0B802 /* Entity */,
				1DEDCAAF264E807600E0B802 /* Presenter */,
				1DEDCAB1264E807C00E0B802 /* View */,
			);
			path = countries;
			sourceTree = "<group>";
		};
		1DEDCA8B264E7ED200E0B802 /* carousel */ = {
			isa = PBXGroup;
			children = (
				1DEDCACC264E815200E0B802 /* Protocols */,
				1DEDCACE264E815D00E0B802 /* Entity */,
				1DEDCACF264E816300E0B802 /* Interactor */,
				1DEDCAD1264E816900E0B802 /* Presenter */,
				1DEDCAD3264E816E00E0B802 /* View */,
				1DEDCAD4264E817300E0B802 /* Router */,
			);
			path = carousel;
			sourceTree = "<group>";
		};
		1DEDCA8C264E7EE300E0B802 /* Presenter */ = {
			isa = PBXGroup;
			children = (
				1DEDCA78264E7E3600E0B802 /* MainPresenter.swift */,
			);
			path = Presenter;
			sourceTree = "<group>";
		};
		1DEDCA8D264E7EEB00E0B802 /* View */ = {
			isa = PBXGroup;
			children = (
				1DEDCA64264E7D3300E0B802 /* ViewController.swift */,
				1DEDCA7B264E7E4500E0B802 /* MainView.swift */,
			);
			path = View;
			sourceTree = "<group>";
		};
		1DEDCA8E264E7EF400E0B802 /* Entity */ = {
			isa = PBXGroup;
			children = (
				1DEDCA7E264E7E5F00E0B802 /* MainEntity.swift */,
			);
			path = Entity;
			sourceTree = "<group>";
		};
		1DEDCA8F264E7F0200E0B802 /* Router */ = {
			isa = PBXGroup;
			children = (
				1DEDCA81264E7E6600E0B802 /* MainRouter.swift */,
			);
			path = Router;
			sourceTree = "<group>";
		};
		1DEDCA92264E7F5700E0B802 /* Interacor */ = {
			isa = PBXGroup;
			children = (
				1DEDCA75264E7E2D00E0B802 /* MainInteractor.swift */,
			);
			path = Interacor;
			sourceTree = "<group>";
		};
		1DEDCA93264E7F5E00E0B802 /* Protocols */ = {
			isa = PBXGroup;
			children = (
			);
			path = Protocols;
			sourceTree = "<group>";
		};
		1DEDCAA7264E806000E0B802 /* Protocols */ = {
			isa = PBXGroup;
			children = (
				1DEDCA95264E802300E0B802 /* CountriesProtocols.swift */,
			);
			path = Protocols;
			sourceTree = "<group>";
		};
		1DEDCAA9264E806500E0B802 /* Interactor */ = {
			isa = PBXGroup;
			children = (
				1DEDCA98264E802C00E0B802 /* CountriesInteractor.swift */,
			);
			path = Interactor;
			sourceTree = "<group>";
		};
		1DEDCAAB264E806B00E0B802 /* Router */ = {
			isa = PBXGroup;
			children = (
				1DEDCA9B264E803300E0B802 /* CountriesRouter.swift */,
			);
			path = Router;
			sourceTree = "<group>";
		};
		1DEDCAAC264E807100E0B802 /* Entity */ = {
			isa = PBXGroup;
			children = (
				1DEDCA9E264E804400E0B802 /* CountriesEntity.swift */,
			);
			path = Entity;
			sourceTree = "<group>";
		};
		1DEDCAAF264E807600E0B802 /* Presenter */ = {
			isa = PBXGroup;
			children = (
				1DEDCAA1264E804C00E0B802 /* CountriesPresenter.swift */,
			);
			path = Presenter;
			sourceTree = "<group>";
		};
		1DEDCAB1264E807C00E0B802 /* View */ = {
			isa = PBXGroup;
			children = (
				1DEDCAA4264E805B00E0B802 /* CountriesView.swift */,
			);
			path = View;
			sourceTree = "<group>";
		};
		1DEDCACC264E815200E0B802 /* Protocols */ = {
			isa = PBXGroup;
			children = (
				1DEDCAB3264E808900E0B802 /* Protocols.swift */,
			);
			path = Protocols;
			sourceTree = "<group>";
		};
		1DEDCACE264E815D00E0B802 /* Entity */ = {
			isa = PBXGroup;
			children = (
				1DEDCAB7264E808F00E0B802 /* Entity.swift */,
			);
			path = Entity;
			sourceTree = "<group>";
		};
		1DEDCACF264E816300E0B802 /* Interactor */ = {
			isa = PBXGroup;
			children = (
				1DEDCABA264E809500E0B802 /* Interactor.swift */,
			);
			path = Interactor;
			sourceTree = "<group>";
		};
		1DEDCAD1264E816900E0B802 /* Presenter */ = {
			isa = PBXGroup;
			children = (
				1DEDCABD264E809D00E0B802 /* Presenter.swift */,
			);
			path = Presenter;
			sourceTree = "<group>";
		};
		1DEDCAD3264E816E00E0B802 /* View */ = {
			isa = PBXGroup;
			children = (
				1DEDCAC0264E80A300E0B802 /* View.swift */,
			);
			path = View;
			sourceTree = "<group>";
		};
		1DEDCAD4264E817300E0B802 /* Router */ = {
			isa = PBXGroup;
			children = (
				1DEDCAC3264E80BB00E0B802 /* Router.swift */,
			);
			path = Router;
			sourceTree = "<group>";
		};
		1DEDCAD6264E81B300E0B802 /* app-settings */ = {
			isa = PBXGroup;
			children = (
				1DEDCA60264E7D3300E0B802 /* AppDelegate.swift */,
				1DEDCA62264E7D3300E0B802 /* SceneDelegate.swift */,
			);
			path = "app-settings";
			sourceTree = "<group>";
		};
		1DEDCADA264E81E000E0B802 /* app-ui */ = {
			isa = PBXGroup;
			children = (
				1DEDCA66264E7D3300E0B802 /* Main.storyboard */,
				1DEDCA6B264E7D3700E0B802 /* LaunchScreen.storyboard */,
			);
			path = "app-ui";
			sourceTree = "<group>";
		};
		1DEDCADB264E820A00E0B802 /* app-icons */ = {
			isa = PBXGroup;
			children = (
				1DEDCA69264E7D3700E0B802 /* Assets.xcassets */,
			);
			path = "app-icons";
			sourceTree = "<group>";
		};
/* End PBXGroup section */

/* Begin PBXNativeTarget section */
		1DEDCA5C264E7D3300E0B802 /* WonderlandVpn */ = {
			isa = PBXNativeTarget;
			buildConfigurationList = 1DEDCA71264E7D3700E0B802 /* Build configuration list for PBXNativeTarget "WonderlandVpn" */;
			buildPhases = (
				1DEDCA59264E7D3300E0B802 /* Sources */,
				1DEDCA5A264E7D3300E0B802 /* Frameworks */,
				1DEDCA5B264E7D3300E0B802 /* Resources */,
			);
			buildRules = (
			);
			dependencies = (
			);
			name = WonderlandVpn;
			productName = WonderlandVpn;
			productReference = 1DEDCA5D264E7D3300E0B802 /* WonderlandVpn.app */;
			productType = "com.apple.product-type.application";
		};
/* End PBXNativeTarget section */

/* Begin PBXProject section */
		1DEDCA55264E7D3300E0B802 /* Project object */ = {
			isa = PBXProject;
			attributes = {
				LastSwiftUpdateCheck = 1240;
				LastUpgradeCheck = 1240;
				TargetAttributes = {
					1DEDCA5C264E7D3300E0B802 = {
						CreatedOnToolsVersion = 12.4;
					};
				};
			};
			buildConfigurationList = 1DEDCA58264E7D3300E0B802 /* Build configuration list for PBXProject "WonderlandVpn" */;
			compatibilityVersion = "Xcode 9.3";
			developmentRegion = en;
			hasScannedForEncodings = 0;
			knownRegions = (
				en,
				Base,
			);
			mainGroup = 1DEDCA54264E7D3300E0B802;
			productRefGroup = 1DEDCA5E264E7D3300E0B802 /* Products */;
			projectDirPath = "";
			projectRoot = "";
			targets = (
				1DEDCA5C264E7D3300E0B802 /* WonderlandVpn */,
			);
		};
/* End PBXProject section */

/* Begin PBXResourcesBuildPhase section */
		1DEDCA5B264E7D3300E0B802 /* Resources */ = {
			isa = PBXResourcesBuildPhase;
			buildActionMask = 2147483647;
			files = (
				1DEDCA6D264E7D3700E0B802 /* LaunchScreen.storyboard in Resources */,
				1DEDCA6A264E7D3700E0B802 /* Assets.xcassets in Resources */,
				1DEDCA68264E7D3300E0B802 /* Main.storyboard in Resources */,
			);
			runOnlyForDeploymentPostprocessing = 0;
		};
/* End PBXResourcesBuildPhase section */

/* Begin PBXSourcesBuildPhase section */
		1DEDCA59264E7D3300E0B802 /* Sources */ = {
			isa = PBXSourcesBuildPhase;
			buildActionMask = 2147483647;
			files = (
				1DEDCABE264E809D00E0B802 /* Presenter.swift in Sources */,
				1DEDCAB4264E808900E0B802 /* Protocols.swift in Sources */,
				1DEDCA9C264E803300E0B802 /* CountriesRouter.swift in Sources */,
				1DEDCA82264E7E6600E0B802 /* MainRouter.swift in Sources */,
				1DEDCA65264E7D3300E0B802 /* ViewController.swift in Sources */,
				1DEDCAB8264E808F00E0B802 /* Entity.swift in Sources */,
				1DEDCAC1264E80A300E0B802 /* View.swift in Sources */,
				1DEDCA99264E802C00E0B802 /* CountriesInteractor.swift in Sources */,
				1DEDCA61264E7D3300E0B802 /* AppDelegate.swift in Sources */,
				1DEDCA96264E802300E0B802 /* CountriesProtocols.swift in Sources */,
				1DEDCA7F264E7E5F00E0B802 /* MainEntity.swift in Sources */,
				1DEDCA7C264E7E4500E0B802 /* MainView.swift in Sources */,
				1DEDCAC4264E80BB00E0B802 /* Router.swift in Sources */,
				1DEDCA9F264E804400E0B802 /* CountriesEntity.swift in Sources */,
				1DEDCA76264E7E2D00E0B802 /* MainInteractor.swift in Sources */,
				1DEDCABB264E809500E0B802 /* Interactor.swift in Sources */,
				1DEDCAA2264E804C00E0B802 /* CountriesPresenter.swift in Sources */,
				1DEDCA63264E7D3300E0B802 /* SceneDelegate.swift in Sources */,
				1DEDCAA5264E805B00E0B802 /* CountriesView.swift in Sources */,
				1DEDCA79264E7E3600E0B802 /* MainPresenter.swift in Sources */,
			);
			runOnlyForDeploymentPostprocessing = 0;
		};
/* End PBXSourcesBuildPhase section */

/* Begin PBXVariantGroup section */
		1DEDCA66264E7D3300E0B802 /* Main.storyboard */ = {
			isa = PBXVariantGroup;
			children = (
				1DEDCA67264E7D3300E0B802 /* Base */,
			);
			name = Main.storyboard;
			sourceTree = "<group>";
		};
		1DEDCA6B264E7D3700E0B802 /* LaunchScreen.storyboard */ = {
			isa = PBXVariantGroup;
			children = (
				1DEDCA6C264E7D3700E0B802 /* Base */,
			);
			name = LaunchScreen.storyboard;
			sourceTree = "<group>";
		};
/* End PBXVariantGroup section */

/* Begin XCBuildConfiguration section */
		1DEDCA6F264E7D3700E0B802 /* Debug */ = {
			isa = XCBuildConfiguration;
			buildSettings = {
				ALWAYS_SEARCH_USER_PATHS = NO;
				CLANG_ANALYZER_NONNULL = YES;
				CLANG_ANALYZER_NUMBER_OBJECT_CONVERSION = YES_AGGRESSIVE;
				CLANG_CXX_LANGUAGE_STANDARD = "gnu++14";
				CLANG_CXX_LIBRARY = "libc++";
				CLANG_ENABLE_MODULES = YES;
				CLANG_ENABLE_OBJC_ARC = YES;
				CLANG_ENABLE_OBJC_WEAK = YES;
				CLANG_WARN_BLOCK_CAPTURE_AUTORELEASING = YES;
				CLANG_WARN_BOOL_CONVERSION = YES;
				CLANG_WARN_COMMA = YES;
				CLANG_WARN_CONSTANT_CONVERSION = YES;
				CLANG_WARN_DEPRECATED_OBJC_IMPLEMENTATIONS = YES;
				CLANG_WARN_DIRECT_OBJC_ISA_USAGE = YES_ERROR;
				CLANG_WARN_DOCUMENTATION_COMMENTS = YES;
				CLANG_WARN_EMPTY_BODY = YES;
				CLANG_WARN_ENUM_CONVERSION = YES;
				CLANG_WARN_INFINITE_RECURSION = YES;
				CLANG_WARN_INT_CONVERSION = YES;
				CLANG_WARN_NON_LITERAL_NULL_CONVERSION = YES;
				CLANG_WARN_OBJC_IMPLICIT_RETAIN_SELF = YES;
				CLANG_WARN_OBJC_LITERAL_CONVERSION = YES;
				CLANG_WARN_OBJC_ROOT_CLASS = YES_ERROR;
				CLANG_WARN_QUOTED_INCLUDE_IN_FRAMEWORK_HEADER = YES;
				CLANG_WARN_RANGE_LOOP_ANALYSIS = YES;
				CLANG_WARN_STRICT_PROTOTYPES = YES;
				CLANG_WARN_SUSPICIOUS_MOVE = YES;
				CLANG_WARN_UNGUARDED_AVAILABILITY = YES_AGGRESSIVE;
				CLANG_WARN_UNREACHABLE_CODE = YES;
				CLANG_WARN__DUPLICATE_METHOD_MATCH = YES;
				COPY_PHASE_STRIP = NO;
				DEBUG_INFORMATION_FORMAT = dwarf;
				ENABLE_STRICT_OBJC_MSGSEND = YES;
				ENABLE_TESTABILITY = YES;
				GCC_C_LANGUAGE_STANDARD = gnu11;
				GCC_DYNAMIC_NO_PIC = NO;
				GCC_NO_COMMON_BLOCKS = YES;
				GCC_OPTIMIZATION_LEVEL = 0;
				GCC_PREPROCESSOR_DEFINITIONS = (
					"DEBUG=1",
					"$(inherited)",
				);
				GCC_WARN_64_TO_32_BIT_CONVERSION = YES;
				GCC_WARN_ABOUT_RETURN_TYPE = YES_ERROR;
				GCC_WARN_UNDECLARED_SELECTOR = YES;
				GCC_WARN_UNINITIALIZED_AUTOS = YES_AGGRESSIVE;
				GCC_WARN_UNUSED_FUNCTION = YES;
				GCC_WARN_UNUSED_VARIABLE = YES;
				IPHONEOS_DEPLOYMENT_TARGET = 14.4;
				MTL_ENABLE_DEBUG_INFO = INCLUDE_SOURCE;
				MTL_FAST_MATH = YES;
				ONLY_ACTIVE_ARCH = YES;
				SDKROOT = iphoneos;
				SWIFT_ACTIVE_COMPILATION_CONDITIONS = DEBUG;
				SWIFT_OPTIMIZATION_LEVEL = "-Onone";
			};
			name = Debug;
		};
		1DEDCA70264E7D3700E0B802 /* Release */ = {
			isa = XCBuildConfiguration;
			buildSettings = {
				ALWAYS_SEARCH_USER_PATHS = NO;
				CLANG_ANALYZER_NONNULL = YES;
				CLANG_ANALYZER_NUMBER_OBJECT_CONVERSION = YES_AGGRESSIVE;
				CLANG_CXX_LANGUAGE_STANDARD = "gnu++14";
				CLANG_CXX_LIBRARY = "libc++";
				CLANG_ENABLE_MODULES = YES;
				CLANG_ENABLE_OBJC_ARC = YES;
				CLANG_ENABLE_OBJC_WEAK = YES;
				CLANG_WARN_BLOCK_CAPTURE_AUTORELEASING = YES;
				CLANG_WARN_BOOL_CONVERSION = YES;
				CLANG_WARN_COMMA = YES;
				CLANG_WARN_CONSTANT_CONVERSION = YES;
				CLANG_WARN_DEPRECATED_OBJC_IMPLEMENTATIONS = YES;
				CLANG_WARN_DIRECT_OBJC_ISA_USAGE = YES_ERROR;
				CLANG_WARN_DOCUMENTATION_COMMENTS = YES;
				CLANG_WARN_EMPTY_BODY = YES;
				CLANG_WARN_ENUM_CONVERSION = YES;
				CLANG_WARN_INFINITE_RECURSION = YES;
				CLANG_WARN_INT_CONVERSION = YES;
				CLANG_WARN_NON_LITERAL_NULL_CONVERSION = YES;
				CLANG_WARN_OBJC_IMPLICIT_RETAIN_SELF = YES;
				CLANG_WARN_OBJC_LITERAL_CONVERSION = YES;
				CLANG_WARN_OBJC_ROOT_CLASS = YES_ERROR;
				CLANG_WARN_QUOTED_INCLUDE_IN_FRAMEWORK_HEADER = YES;
				CLANG_WARN_RANGE_LOOP_ANALYSIS = YES;
				CLANG_WARN_STRICT_PROTOTYPES = YES;
				CLANG_WARN_SUSPICIOUS_MOVE = YES;
				CLANG_WARN_UNGUARDED_AVAILABILITY = YES_AGGRESSIVE;
				CLANG_WARN_UNREACHABLE_CODE = YES;
				CLANG_WARN__DUPLICATE_METHOD_MATCH = YES;
				COPY_PHASE_STRIP = NO;
				DEBUG_INFORMATION_FORMAT = "dwarf-with-dsym";
				ENABLE_NS_ASSERTIONS = NO;
				ENABLE_STRICT_OBJC_MSGSEND = YES;
				GCC_C_LANGUAGE_STANDARD = gnu11;
				GCC_NO_COMMON_BLOCKS = YES;
				GCC_WARN_64_TO_32_BIT_CONVERSION = YES;
				GCC_WARN_ABOUT_RETURN_TYPE = YES_ERROR;
				GCC_WARN_UNDECLARED_SELECTOR = YES;
				GCC_WARN_UNINITIALIZED_AUTOS = YES_AGGRESSIVE;
				GCC_WARN_UNUSED_FUNCTION = YES;
				GCC_WARN_UNUSED_VARIABLE = YES;
				IPHONEOS_DEPLOYMENT_TARGET = 14.4;
				MTL_ENABLE_DEBUG_INFO = NO;
				MTL_FAST_MATH = YES;
				SDKROOT = iphoneos;
				SWIFT_COMPILATION_MODE = wholemodule;
				SWIFT_OPTIMIZATION_LEVEL = "-O";
				VALIDATE_PRODUCT = YES;
			};
			name = Release;
		};
		1DEDCA72264E7D3700E0B802 /* Debug */ = {
			isa = XCBuildConfiguration;
			buildSettings = {
				ASSETCATALOG_COMPILER_APPICON_NAME = AppIcon;
				ASSETCATALOG_COMPILER_GLOBAL_ACCENT_COLOR_NAME = AccentColor;
				CODE_SIGN_STYLE = Automatic;
				DEVELOPMENT_TEAM = UNADQ24S97;
				INFOPLIST_FILE = WonderlandVpn/Info.plist;
				LD_RUNPATH_SEARCH_PATHS = (
					"$(inherited)",
					"@executable_path/Frameworks",
				);
				PRODUCT_BUNDLE_IDENTIFIER = com.companyname.WonderlandVpn;
				PRODUCT_NAME = "$(TARGET_NAME)";
				SWIFT_VERSION = 5.0;
				TARGETED_DEVICE_FAMILY = "1,2";
			};
			name = Debug;
		};
		1DEDCA73264E7D3700E0B802 /* Release */ = {
			isa = XCBuildConfiguration;
			buildSettings = {
				ASSETCATALOG_COMPILER_APPICON_NAME = AppIcon;
				ASSETCATALOG_COMPILER_GLOBAL_ACCENT_COLOR_NAME = AccentColor;
				CODE_SIGN_STYLE = Automatic;
				DEVELOPMENT_TEAM = UNADQ24S97;
				INFOPLIST_FILE = WonderlandVpn/Info.plist;
				LD_RUNPATH_SEARCH_PATHS = (
					"$(inherited)",
					"@executable_path/Frameworks",
				);
				PRODUCT_BUNDLE_IDENTIFIER = com.companyname.WonderlandVpn;
				PRODUCT_NAME = "$(TARGET_NAME)";
				SWIFT_VERSION = 5.0;
				TARGETED_DEVICE_FAMILY = "1,2";
			};
			name = Release;
		};
/* End XCBuildConfiguration section */

/* Begin XCConfigurationList section */
		1DEDCA58264E7D3300E0B802 /* Build configuration list for PBXProject "WonderlandVpn" */ = {
			isa = XCConfigurationList;
			buildConfigurations = (
				1DEDCA6F264E7D3700E0B802 /* Debug */,
				1DEDCA70264E7D3700E0B802 /* Release */,
			);
			defaultConfigurationIsVisible = 0;
			defaultConfigurationName = Release;
		};
		1DEDCA71264E7D3700E0B802 /* Build configuration list for PBXNativeTarget "WonderlandVpn" */ = {
			isa = XCConfigurationList;
			buildConfigurations = (
				1DEDCA72264E7D3700E0B802 /* Debug */,
				1DEDCA73264E7D3700E0B802 /* Release */,
			);
			defaultConfigurationIsVisible = 0;
			defaultConfigurationName = Release;
		};
/* End XCConfigurationList section */
	};
	rootObject = 1DEDCA55264E7D3300E0B802 /* Project object */;
}
